// !$*UTF8*$!
{
	archiveVersion = 1;
	classes = {
	};
	objectVersion = 77;
	objects = {

/* Begin PBXBuildFile section */
		4B08D8E32D6DB12F00702DEC /* RSBarcodes_Swift in Frameworks */ = {isa = PBXBuildFile; productRef = 4B08D8E22D6DB12F00702DEC /* RSBarcodes_Swift */; };
		4B3DE5DC2D787A1300651EC4 /* WidgetKit.framework in Frameworks */ = {isa = PBXBuildFile; fileRef = 4B3DE5DB2D787A1300651EC4 /* WidgetKit.framework */; };
		4B3DE5DD2D787A1300651EC4 /* SwiftUI.framework in Frameworks */ = {isa = PBXBuildFile; fileRef = 4BE380A32D70AE5A00D224A7 /* SwiftUI.framework */; };
		4B3DE5EA2D787A1400651EC4 /* ScanWidgetExtension.appex in Embed Foundation Extensions */ = {isa = PBXBuildFile; fileRef = 4B3DE5DA2D787A1300651EC4 /* ScanWidgetExtension.appex */; settings = {ATTRIBUTES = (RemoveHeadersOnCopy, ); }; };
/* End PBXBuildFile section */

/* Begin PBXContainerItemProxy section */
		4B3DE5E82D787A1400651EC4 /* PBXContainerItemProxy */ = {
			isa = PBXContainerItemProxy;
			containerPortal = 4B14187A2D634C2D0015B643 /* Project object */;
			proxyType = 1;
			remoteGlobalIDString = 4B3DE5D92D787A1300651EC4;
			remoteInfo = ScanWidgetExtension;
		};
/* End PBXContainerItemProxy section */

/* Begin PBXCopyFilesBuildPhase section */
		4BE380BA2D70AE5C00D224A7 /* Embed Foundation Extensions */ = {
			isa = PBXCopyFilesBuildPhase;
			buildActionMask = 2147483647;
			dstPath = "";
			dstSubfolderSpec = 13;
			files = (
				4B3DE5EA2D787A1400651EC4 /* ScanWidgetExtension.appex in Embed Foundation Extensions */,
			);
			name = "Embed Foundation Extensions";
			runOnlyForDeploymentPostprocessing = 0;
		};
/* End PBXCopyFilesBuildPhase section */

/* Begin PBXFileReference section */
		4B1418822D634C2D0015B643 /* QRScanner.app */ = {isa = PBXFileReference; explicitFileType = wrapper.application; includeInIndex = 0; path = QRScanner.app; sourceTree = BUILT_PRODUCTS_DIR; };
		4B3DE5DA2D787A1300651EC4 /* ScanWidgetExtension.appex */ = {isa = PBXFileReference; explicitFileType = "wrapper.app-extension"; includeInIndex = 0; path = ScanWidgetExtension.appex; sourceTree = BUILT_PRODUCTS_DIR; };
		4B3DE5DB2D787A1300651EC4 /* WidgetKit.framework */ = {isa = PBXFileReference; lastKnownFileType = wrapper.framework; name = WidgetKit.framework; path = System/Library/Frameworks/WidgetKit.framework; sourceTree = SDKROOT; };
		4BE380A32D70AE5A00D224A7 /* SwiftUI.framework */ = {isa = PBXFileReference; lastKnownFileType = wrapper.framework; name = SwiftUI.framework; path = System/Library/Frameworks/SwiftUI.framework; sourceTree = SDKROOT; };
/* End PBXFileReference section */

/* Begin PBXFileSystemSynchronizedBuildFileExceptionSet section */
		4B10F4242D75C7DA0032A1E7 /* Exceptions for "QRScanner" folder in "QRScanner" target */ = {
			isa = PBXFileSystemSynchronizedBuildFileExceptionSet;
			membershipExceptions = (
				Info.plist,
			);
			target = 4B1418812D634C2D0015B643 /* QRScanner */;
		};
		4B3DE5EE2D787A1400651EC4 /* Exceptions for "ScanWidget" folder in "ScanWidgetExtension" target */ = {
			isa = PBXFileSystemSynchronizedBuildFileExceptionSet;
			membershipExceptions = (
				Info.plist,
			);
			target = 4B3DE5D92D787A1300651EC4 /* ScanWidgetExtension */;
		};
		4B3DE5F02D787A2600651EC4 /* Exceptions for "ScanWidget" folder in "QRScanner" target */ = {
			isa = PBXFileSystemSynchronizedBuildFileExceptionSet;
			membershipExceptions = (
				ScanWidgetControl.swift,
			);
			target = 4B1418812D634C2D0015B643 /* QRScanner */;
		};
/* End PBXFileSystemSynchronizedBuildFileExceptionSet section */

/* Begin PBXFileSystemSynchronizedRootGroup section */
		4B1418842D634C2D0015B643 /* QRScanner */ = {
			isa = PBXFileSystemSynchronizedRootGroup;
			exceptions = (
				4B10F4242D75C7DA0032A1E7 /* Exceptions for "QRScanner" folder in "QRScanner" target */,
			);
			path = QRScanner;
			sourceTree = "<group>";
		};
		4B3DE5DE2D787A1300651EC4 /* ScanWidget */ = {
			isa = PBXFileSystemSynchronizedRootGroup;
			exceptions = (
				4B3DE5F02D787A2600651EC4 /* Exceptions for "ScanWidget" folder in "QRScanner" target */,
				4B3DE5EE2D787A1400651EC4 /* Exceptions for "ScanWidget" folder in "ScanWidgetExtension" target */,
			);
			path = ScanWidget;
			sourceTree = "<group>";
		};
/* End PBXFileSystemSynchronizedRootGroup section */

/* Begin PBXFrameworksBuildPhase section */
		4B14187F2D634C2D0015B643 /* Frameworks */ = {
			isa = PBXFrameworksBuildPhase;
			buildActionMask = 2147483647;
			files = (
				4B08D8E32D6DB12F00702DEC /* RSBarcodes_Swift in Frameworks */,
			);
			runOnlyForDeploymentPostprocessing = 0;
		};
		4B3DE5D72D787A1300651EC4 /* Frameworks */ = {
			isa = PBXFrameworksBuildPhase;
			buildActionMask = 2147483647;
			files = (
				4B3DE5DD2D787A1300651EC4 /* SwiftUI.framework in Frameworks */,
				4B3DE5DC2D787A1300651EC4 /* WidgetKit.framework in Frameworks */,
			);
			runOnlyForDeploymentPostprocessing = 0;
		};
/* End PBXFrameworksBuildPhase section */

/* Begin PBXGroup section */
		4B1418792D634C2D0015B643 = {
			isa = PBXGroup;
			children = (
				4B1418842D634C2D0015B643 /* QRScanner */,
				4B3DE5DE2D787A1300651EC4 /* ScanWidget */,
				4BE380A02D70AE5A00D224A7 /* Frameworks */,
				4B1418832D634C2D0015B643 /* Products */,
			);
			sourceTree = "<group>";
		};
		4B1418832D634C2D0015B643 /* Products */ = {
			isa = PBXGroup;
			children = (
				4B1418822D634C2D0015B643 /* QRScanner.app */,
				4B3DE5DA2D787A1300651EC4 /* ScanWidgetExtension.appex */,
			);
			name = Products;
			sourceTree = "<group>";
		};
		4BE380A02D70AE5A00D224A7 /* Frameworks */ = {
			isa = PBXGroup;
			children = (
				4BE380A32D70AE5A00D224A7 /* SwiftUI.framework */,
				4B3DE5DB2D787A1300651EC4 /* WidgetKit.framework */,
			);
			name = Frameworks;
			sourceTree = "<group>";
		};
/* End PBXGroup section */

/* Begin PBXNativeTarget section */
		4B1418812D634C2D0015B643 /* QRScanner */ = {
			isa = PBXNativeTarget;
			buildConfigurationList = 4B1418902D634C2F0015B643 /* Build configuration list for PBXNativeTarget "QRScanner" */;
			buildPhases = (
				4B14187E2D634C2D0015B643 /* Sources */,
				4B14187F2D634C2D0015B643 /* Frameworks */,
				4B1418802D634C2D0015B643 /* Resources */,
				4BE380BA2D70AE5C00D224A7 /* Embed Foundation Extensions */,
			);
			buildRules = (
			);
			dependencies = (
				4B3DE5E92D787A1400651EC4 /* PBXTargetDependency */,
			);
			fileSystemSynchronizedGroups = (
				4B1418842D634C2D0015B643 /* QRScanner */,
			);
			name = QRScanner;
			packageProductDependencies = (
				4B08D8E22D6DB12F00702DEC /* RSBarcodes_Swift */,
			);
			productName = QRScanner;
			productReference = 4B1418822D634C2D0015B643 /* QRScanner.app */;
			productType = "com.apple.product-type.application";
		};
		4B3DE5D92D787A1300651EC4 /* ScanWidgetExtension */ = {
			isa = PBXNativeTarget;
			buildConfigurationList = 4B3DE5ED2D787A1400651EC4 /* Build configuration list for PBXNativeTarget "ScanWidgetExtension" */;
			buildPhases = (
				4B3DE5D62D787A1300651EC4 /* Sources */,
				4B3DE5D72D787A1300651EC4 /* Frameworks */,
				4B3DE5D82D787A1300651EC4 /* Resources */,
			);
			buildRules = (
			);
			dependencies = (
			);
			fileSystemSynchronizedGroups = (
				4B3DE5DE2D787A1300651EC4 /* ScanWidget */,
			);
			name = ScanWidgetExtension;
			packageProductDependencies = (
			);
			productName = ScanWidgetExtension;
			productReference = 4B3DE5DA2D787A1300651EC4 /* ScanWidgetExtension.appex */;
			productType = "com.apple.product-type.app-extension";
		};
/* End PBXNativeTarget section */

/* Begin PBXProject section */
		4B14187A2D634C2D0015B643 /* Project object */ = {
			isa = PBXProject;
			attributes = {
				BuildIndependentTargetsInParallel = 1;
				LastSwiftUpdateCheck = 1620;
				LastUpgradeCheck = 1620;
				TargetAttributes = {
					4B1418812D634C2D0015B643 = {
						CreatedOnToolsVersion = 16.2;
					};
					4B3DE5D92D787A1300651EC4 = {
						CreatedOnToolsVersion = 16.2;
					};
				};
			};
			buildConfigurationList = 4B14187D2D634C2D0015B643 /* Build configuration list for PBXProject "QRScanner" */;
			developmentRegion = en;
			hasScannedForEncodings = 0;
			knownRegions = (
				en,
				Base,
			);
			mainGroup = 4B1418792D634C2D0015B643;
			minimizedProjectReferenceProxies = 1;
			packageReferences = (
				4B08D8E12D6DB12F00702DEC /* XCRemoteSwiftPackageReference "RSBarcodes_Swift" */,
			);
			preferredProjectObjectVersion = 77;
			productRefGroup = 4B1418832D634C2D0015B643 /* Products */;
			projectDirPath = "";
			projectRoot = "";
			targets = (
				4B1418812D634C2D0015B643 /* QRScanner */,
				4B3DE5D92D787A1300651EC4 /* ScanWidgetExtension */,
			);
		};
/* End PBXProject section */

/* Begin PBXResourcesBuildPhase section */
		4B1418802D634C2D0015B643 /* Resources */ = {
			isa = PBXResourcesBuildPhase;
			buildActionMask = 2147483647;
			files = (
			);
			runOnlyForDeploymentPostprocessing = 0;
		};
		4B3DE5D82D787A1300651EC4 /* Resources */ = {
			isa = PBXResourcesBuildPhase;
			buildActionMask = 2147483647;
			files = (
			);
			runOnlyForDeploymentPostprocessing = 0;
		};
/* End PBXResourcesBuildPhase section */

/* Begin PBXSourcesBuildPhase section */
		4B14187E2D634C2D0015B643 /* Sources */ = {
			isa = PBXSourcesBuildPhase;
			buildActionMask = 2147483647;
			files = (
			);
			runOnlyForDeploymentPostprocessing = 0;
		};
		4B3DE5D62D787A1300651EC4 /* Sources */ = {
			isa = PBXSourcesBuildPhase;
			buildActionMask = 2147483647;
			files = (
			);
			runOnlyForDeploymentPostprocessing = 0;
		};
/* End PBXSourcesBuildPhase section */

/* Begin PBXTargetDependency section */
		4B3DE5E92D787A1400651EC4 /* PBXTargetDependency */ = {
			isa = PBXTargetDependency;
			target = 4B3DE5D92D787A1300651EC4 /* ScanWidgetExtension */;
			targetProxy = 4B3DE5E82D787A1400651EC4 /* PBXContainerItemProxy */;
		};
/* End PBXTargetDependency section */

/* Begin XCBuildConfiguration section */
		4B14188E2D634C2F0015B643 /* Debug */ = {
			isa = XCBuildConfiguration;
			buildSettings = {
				ALWAYS_SEARCH_USER_PATHS = NO;
				ASSETCATALOG_COMPILER_GENERATE_SWIFT_ASSET_SYMBOL_EXTENSIONS = YES;
				CLANG_ANALYZER_NONNULL = YES;
				CLANG_ANALYZER_NUMBER_OBJECT_CONVERSION = YES_AGGRESSIVE;
				CLANG_CXX_LANGUAGE_STANDARD = "gnu++20";
				CLANG_ENABLE_MODULES = YES;
				CLANG_ENABLE_OBJC_ARC = YES;
				CLANG_ENABLE_OBJC_WEAK = YES;
				CLANG_WARN_BLOCK_CAPTURE_AUTORELEASING = YES;
				CLANG_WARN_BOOL_CONVERSION = YES;
				CLANG_WARN_COMMA = YES;
				CLANG_WARN_CONSTANT_CONVERSION = YES;
				CLANG_WARN_DEPRECATED_OBJC_IMPLEMENTATIONS = YES;
				CLANG_WARN_DIRECT_OBJC_ISA_USAGE = YES_ERROR;
				CLANG_WARN_DOCUMENTATION_COMMENTS = YES;
				CLANG_WARN_EMPTY_BODY = YES;
				CLANG_WARN_ENUM_CONVERSION = YES;
				CLANG_WARN_INFINITE_RECURSION = YES;
				CLANG_WARN_INT_CONVERSION = YES;
				CLANG_WARN_NON_LITERAL_NULL_CONVERSION = YES;
				CLANG_WARN_OBJC_IMPLICIT_RETAIN_SELF = YES;
				CLANG_WARN_OBJC_LITERAL_CONVERSION = YES;
				CLANG_WARN_OBJC_ROOT_CLASS = YES_ERROR;
				CLANG_WARN_QUOTED_INCLUDE_IN_FRAMEWORK_HEADER = YES;
				CLANG_WARN_RANGE_LOOP_ANALYSIS = YES;
				CLANG_WARN_STRICT_PROTOTYPES = YES;
				CLANG_WARN_SUSPICIOUS_MOVE = YES;
				CLANG_WARN_UNGUARDED_AVAILABILITY = YES_AGGRESSIVE;
				CLANG_WARN_UNREACHABLE_CODE = YES;
				CLANG_WARN__DUPLICATE_METHOD_MATCH = YES;
				COPY_PHASE_STRIP = NO;
				DEBUG_INFORMATION_FORMAT = dwarf;
				ENABLE_STRICT_OBJC_MSGSEND = YES;
				ENABLE_TESTABILITY = YES;
				ENABLE_USER_SCRIPT_SANDBOXING = YES;
				GCC_C_LANGUAGE_STANDARD = gnu17;
				GCC_DYNAMIC_NO_PIC = NO;
				GCC_NO_COMMON_BLOCKS = YES;
				GCC_OPTIMIZATION_LEVEL = 0;
				GCC_PREPROCESSOR_DEFINITIONS = (
					"DEBUG=1",
					"$(inherited)",
				);
				GCC_WARN_64_TO_32_BIT_CONVERSION = YES;
				GCC_WARN_ABOUT_RETURN_TYPE = YES_ERROR;
				GCC_WARN_UNDECLARED_SELECTOR = YES;
				GCC_WARN_UNINITIALIZED_AUTOS = YES_AGGRESSIVE;
				GCC_WARN_UNUSED_FUNCTION = YES;
				GCC_WARN_UNUSED_VARIABLE = YES;
				IPHONEOS_DEPLOYMENT_TARGET = 18.2;
				LOCALIZATION_PREFERS_STRING_CATALOGS = YES;
				MTL_ENABLE_DEBUG_INFO = INCLUDE_SOURCE;
				MTL_FAST_MATH = YES;
				ONLY_ACTIVE_ARCH = YES;
				SDKROOT = iphoneos;
				SWIFT_ACTIVE_COMPILATION_CONDITIONS = "DEBUG $(inherited)";
				SWIFT_OPTIMIZATION_LEVEL = "-Onone";
			};
			name = Debug;
		};
		4B14188F2D634C2F0015B643 /* Release */ = {
			isa = XCBuildConfiguration;
			buildSettings = {
				ALWAYS_SEARCH_USER_PATHS = NO;
				ASSETCATALOG_COMPILER_GENERATE_SWIFT_ASSET_SYMBOL_EXTENSIONS = YES;
				CLANG_ANALYZER_NONNULL = YES;
				CLANG_ANALYZER_NUMBER_OBJECT_CONVERSION = YES_AGGRESSIVE;
				CLANG_CXX_LANGUAGE_STANDARD = "gnu++20";
				CLANG_ENABLE_MODULES = YES;
				CLANG_ENABLE_OBJC_ARC = YES;
				CLANG_ENABLE_OBJC_WEAK = YES;
				CLANG_WARN_BLOCK_CAPTURE_AUTORELEASING = YES;
				CLANG_WARN_BOOL_CONVERSION = YES;
				CLANG_WARN_COMMA = YES;
				CLANG_WARN_CONSTANT_CONVERSION = YES;
				CLANG_WARN_DEPRECATED_OBJC_IMPLEMENTATIONS = YES;
				CLANG_WARN_DIRECT_OBJC_ISA_USAGE = YES_ERROR;
				CLANG_WARN_DOCUMENTATION_COMMENTS = YES;
				CLANG_WARN_EMPTY_BODY = YES;
				CLANG_WARN_ENUM_CONVERSION = YES;
				CLANG_WARN_INFINITE_RECURSION = YES;
				CLANG_WARN_INT_CONVERSION = YES;
				CLANG_WARN_NON_LITERAL_NULL_CONVERSION = YES;
				CLANG_WARN_OBJC_IMPLICIT_RETAIN_SELF = YES;
				CLANG_WARN_OBJC_LITERAL_CONVERSION = YES;
				CLANG_WARN_OBJC_ROOT_CLASS = YES_ERROR;
				CLANG_WARN_QUOTED_INCLUDE_IN_FRAMEWORK_HEADER = YES;
				CLANG_WARN_RANGE_LOOP_ANALYSIS = YES;
				CLANG_WARN_STRICT_PROTOTYPES = YES;
				CLANG_WARN_SUSPICIOUS_MOVE = YES;
				CLANG_WARN_UNGUARDED_AVAILABILITY = YES_AGGRESSIVE;
				CLANG_WARN_UNREACHABLE_CODE = YES;
				CLANG_WARN__DUPLICATE_METHOD_MATCH = YES;
				COPY_PHASE_STRIP = NO;
				DEBUG_INFORMATION_FORMAT = "dwarf-with-dsym";
				ENABLE_NS_ASSERTIONS = NO;
				ENABLE_STRICT_OBJC_MSGSEND = YES;
				ENABLE_USER_SCRIPT_SANDBOXING = YES;
				GCC_C_LANGUAGE_STANDARD = gnu17;
				GCC_NO_COMMON_BLOCKS = YES;
				GCC_WARN_64_TO_32_BIT_CONVERSION = YES;
				GCC_WARN_ABOUT_RETURN_TYPE = YES_ERROR;
				GCC_WARN_UNDECLARED_SELECTOR = YES;
				GCC_WARN_UNINITIALIZED_AUTOS = YES_AGGRESSIVE;
				GCC_WARN_UNUSED_FUNCTION = YES;
				GCC_WARN_UNUSED_VARIABLE = YES;
				IPHONEOS_DEPLOYMENT_TARGET = 18.2;
				LOCALIZATION_PREFERS_STRING_CATALOGS = YES;
				MTL_ENABLE_DEBUG_INFO = NO;
				MTL_FAST_MATH = YES;
				SDKROOT = iphoneos;
				SWIFT_COMPILATION_MODE = wholemodule;
				VALIDATE_PRODUCT = YES;
			};
			name = Release;
		};
		4B1418912D634C2F0015B643 /* Debug */ = {
			isa = XCBuildConfiguration;
			buildSettings = {
				ASSETCATALOG_COMPILER_APPICON_NAME = AppIcon;
				ASSETCATALOG_COMPILER_GLOBAL_ACCENT_COLOR_NAME = AccentColor;
				ASSETCATALOG_COMPILER_INCLUDE_ALL_APPICON_ASSETS = YES;
				CODE_SIGN_ENTITLEMENTS = QRScanner/QRScanner.entitlements;
				CODE_SIGN_IDENTITY = "Apple Development";
				CODE_SIGN_STYLE = Automatic;
				CURRENT_PROJECT_VERSION = 9;
				DEVELOPMENT_ASSET_PATHS = "\"QRScanner/Preview Content\"";
				DEVELOPMENT_TEAM = M4K84L4TKR;
				ENABLE_PREVIEWS = YES;
				GENERATE_INFOPLIST_FILE = YES;
				INFOPLIST_FILE = QRScanner/Info.plist;
				INFOPLIST_KEY_CFBundleDisplayName = Scan;
				INFOPLIST_KEY_NSCameraUsageDescription = "QRScanner needs access to your camera to scan QR codes";
				INFOPLIST_KEY_NSLocationWhenInUseUsageDescription = "QRScanner needs access to your location to create QR codes";
				INFOPLIST_KEY_UIApplicationSceneManifest_Generation = YES;
				INFOPLIST_KEY_UIApplicationSupportsIndirectInputEvents = YES;
				INFOPLIST_KEY_UILaunchScreen_Generation = YES;
				INFOPLIST_KEY_UISupportedInterfaceOrientations = UIInterfaceOrientationPortrait;
				INFOPLIST_KEY_UISupportedInterfaceOrientations_iPad = "UIInterfaceOrientationLandscapeLeft UIInterfaceOrientationLandscapeRight UIInterfaceOrientationPortrait UIInterfaceOrientationPortraitUpsideDown";
				IPHONEOS_DEPLOYMENT_TARGET = 18;
				LD_RUNPATH_SEARCH_PATHS = (
					"$(inherited)",
					"@executable_path/Frameworks",
				);
				MARKETING_VERSION = 1.0.9;
				PRODUCT_BUNDLE_IDENTIFIER = com.omshejul.scanner;
				PRODUCT_NAME = "$(TARGET_NAME)";
				PROVISIONING_PROFILE_SPECIFIER = "";
				SWIFT_EMIT_LOC_STRINGS = YES;
				SWIFT_VERSION = 5.0;
				TARGETED_DEVICE_FAMILY = "1,2";
			};
			name = Debug;
		};
		4B1418922D634C2F0015B643 /* Release */ = {
			isa = XCBuildConfiguration;
			buildSettings = {
				ASSETCATALOG_COMPILER_APPICON_NAME = AppIcon;
				ASSETCATALOG_COMPILER_GLOBAL_ACCENT_COLOR_NAME = AccentColor;
				ASSETCATALOG_COMPILER_INCLUDE_ALL_APPICON_ASSETS = YES;
				CODE_SIGN_ENTITLEMENTS = QRScanner/QRScanner.entitlements;
				CODE_SIGN_IDENTITY = "Apple Development";
				CODE_SIGN_STYLE = Automatic;
				CURRENT_PROJECT_VERSION = 9;
				DEVELOPMENT_ASSET_PATHS = "\"QRScanner/Preview Content\"";
				DEVELOPMENT_TEAM = M4K84L4TKR;
				ENABLE_PREVIEWS = YES;
				GENERATE_INFOPLIST_FILE = YES;
				INFOPLIST_FILE = QRScanner/Info.plist;
				INFOPLIST_KEY_CFBundleDisplayName = Scan;
				INFOPLIST_KEY_NSCameraUsageDescription = "QRScanner needs access to your camera to scan QR codes";
				INFOPLIST_KEY_NSLocationWhenInUseUsageDescription = "QRScanner needs access to your location to create QR codes";
				INFOPLIST_KEY_UIApplicationSceneManifest_Generation = YES;
				INFOPLIST_KEY_UIApplicationSupportsIndirectInputEvents = YES;
				INFOPLIST_KEY_UILaunchScreen_Generation = YES;
				INFOPLIST_KEY_UISupportedInterfaceOrientations = UIInterfaceOrientationPortrait;
				INFOPLIST_KEY_UISupportedInterfaceOrientations_iPad = "UIInterfaceOrientationLandscapeLeft UIInterfaceOrientationLandscapeRight UIInterfaceOrientationPortrait UIInterfaceOrientationPortraitUpsideDown";
				IPHONEOS_DEPLOYMENT_TARGET = 18;
				LD_RUNPATH_SEARCH_PATHS = (
					"$(inherited)",
					"@executable_path/Frameworks",
				);
				MARKETING_VERSION = 1.0.9;
				PRODUCT_BUNDLE_IDENTIFIER = com.omshejul.scanner;
				PRODUCT_NAME = "$(TARGET_NAME)";
				PROVISIONING_PROFILE_SPECIFIER = "";
				SWIFT_EMIT_LOC_STRINGS = YES;
				SWIFT_VERSION = 5.0;
				TARGETED_DEVICE_FAMILY = "1,2";
			};
			name = Release;
		};
		4B3DE5EB2D787A1400651EC4 /* Debug */ = {
			isa = XCBuildConfiguration;
			buildSettings = {
				ASSETCATALOG_COMPILER_GLOBAL_ACCENT_COLOR_NAME = AccentColor;
				ASSETCATALOG_COMPILER_WIDGET_BACKGROUND_COLOR_NAME = WidgetBackground;
				CODE_SIGN_IDENTITY = "Apple Development";
				CODE_SIGN_STYLE = Automatic;
				CURRENT_PROJECT_VERSION = 9;
				DEVELOPMENT_TEAM = M4K84L4TKR;
				GENERATE_INFOPLIST_FILE = YES;
				INFOPLIST_FILE = ScanWidget/Info.plist;
				INFOPLIST_KEY_CFBundleDisplayName = ScanWidget;
				INFOPLIST_KEY_NSHumanReadableCopyright = "";
				IPHONEOS_DEPLOYMENT_TARGET = 18;
				LD_RUNPATH_SEARCH_PATHS = (
					"$(inherited)",
					"@executable_path/Frameworks",
					"@executable_path/../../Frameworks",
				);
				MARKETING_VERSION = 1.0.9;
				PRODUCT_BUNDLE_IDENTIFIER = com.omshejul.scanner.ScanWidget;
				PRODUCT_NAME = "$(TARGET_NAME)";
				SKIP_INSTALL = YES;
				SWIFT_EMIT_LOC_STRINGS = YES;
				SWIFT_VERSION = 5.0;
				TARGETED_DEVICE_FAMILY = "1,2";
			};
			name = Debug;
		};
		4B3DE5EC2D787A1400651EC4 /* Release */ = {
			isa = XCBuildConfiguration;
			buildSettings = {
				ASSETCATALOG_COMPILER_GLOBAL_ACCENT_COLOR_NAME = AccentColor;
				ASSETCATALOG_COMPILER_WIDGET_BACKGROUND_COLOR_NAME = WidgetBackground;
				CODE_SIGN_IDENTITY = "Apple Development";
				CODE_SIGN_STYLE = Automatic;
				CURRENT_PROJECT_VERSION = 9;
				DEVELOPMENT_TEAM = M4K84L4TKR;
				GENERATE_INFOPLIST_FILE = YES;
				INFOPLIST_FILE = ScanWidget/Info.plist;
				INFOPLIST_KEY_CFBundleDisplayName = ScanWidget;
				INFOPLIST_KEY_NSHumanReadableCopyright = "";
				IPHONEOS_DEPLOYMENT_TARGET = 18;
				LD_RUNPATH_SEARCH_PATHS = (
					"$(inherited)",
					"@executable_path/Frameworks",
					"@executable_path/../../Frameworks",
				);
				MARKETING_VERSION = 1.0.9;
				PRODUCT_BUNDLE_IDENTIFIER = com.omshejul.scanner.ScanWidget;
				PRODUCT_NAME = "$(TARGET_NAME)";
				SKIP_INSTALL = YES;
				SWIFT_EMIT_LOC_STRINGS = YES;
				SWIFT_VERSION = 5.0;
				TARGETED_DEVICE_FAMILY = "1,2";
			};
			name = Release;
		};
/* End XCBuildConfiguration section */

/* Begin XCConfigurationList section */
		4B14187D2D634C2D0015B643 /* Build configuration list for PBXProject "QRScanner" */ = {
			isa = XCConfigurationList;
			buildConfigurations = (
				4B14188E2D634C2F0015B643 /* Debug */,
				4B14188F2D634C2F0015B643 /* Release */,
			);
			defaultConfigurationIsVisible = 0;
			defaultConfigurationName = Release;
		};
		4B1418902D634C2F0015B643 /* Build configuration list for PBXNativeTarget "QRScanner" */ = {
			isa = XCConfigurationList;
			buildConfigurations = (
				4B1418912D634C2F0015B643 /* Debug */,
				4B1418922D634C2F0015B643 /* Release */,
			);
			defaultConfigurationIsVisible = 0;
			defaultConfigurationName = Release;
		};
		4B3DE5ED2D787A1400651EC4 /* Build configuration list for PBXNativeTarget "ScanWidgetExtension" */ = {
			isa = XCConfigurationList;
			buildConfigurations = (
				4B3DE5EB2D787A1400651EC4 /* Debug */,
				4B3DE5EC2D787A1400651EC4 /* Release */,
			);
			defaultConfigurationIsVisible = 0;
			defaultConfigurationName = Release;
		};
/* End XCConfigurationList section */

/* Begin XCRemoteSwiftPackageReference section */
		4B08D8E12D6DB12F00702DEC /* XCRemoteSwiftPackageReference "RSBarcodes_Swift" */ = {
			isa = XCRemoteSwiftPackageReference;
			repositoryURL = "https://github.com/yeahdongcn/RSBarcodes_Swift";
			requirement = {
				kind = upToNextMajorVersion;
				minimumVersion = 5.2.0;
			};
		};
/* End XCRemoteSwiftPackageReference section */

/* Begin XCSwiftPackageProductDependency section */
		4B08D8E22D6DB12F00702DEC /* RSBarcodes_Swift */ = {
			isa = XCSwiftPackageProductDependency;
			package = 4B08D8E12D6DB12F00702DEC /* XCRemoteSwiftPackageReference "RSBarcodes_Swift" */;
			productName = RSBarcodes_Swift;
		};
/* End XCSwiftPackageProductDependency section */
	};
	rootObject = 4B14187A2D634C2D0015B643 /* Project object */;
}
